
Microsoft Visual Studio Solution File, Format Version 12.00
# Visual Studio 15
VisualStudioVersion = 15.0.28307.421
MinimumVisualStudioVersion = 10.0.40219.1
Project("{FAE04EC0-301F-11D3-BF4B-00C04F79EFBC}") = "MidiPlayer", "MidiPlayer\MidiPlayer.csproj", "{C63DC370-E456-4459-9B4D-961F29F6203C}"
EndProject
Project("{FAE04EC0-301F-11D3-BF4B-00C04F79EFBC}") = "Sanford.Collections", "Sanford.Collections\Sanford.Collections.csproj", "{2CB17756-93FD-40D6-B675-4DDF3AD56A6B}"
EndProject
Project("{FAE04EC0-301F-11D3-BF4B-00C04F79EFBC}") = "Sanford.Multimedia", "Sanford.Multimedia\Sanford.Multimedia.csproj", "{B51D2D36-C9FA-46CA-A0FE-0504A488C8A9}"
EndProject
Project("{FAE04EC0-301F-11D3-BF4B-00C04F79EFBC}") = "Sanford.Multimedia.Midi", "Sanford.Multimedia.Midi\Sanford.Multimedia.Midi.csproj", "{4269C72A-8D3A-4737-8F89-72EAA33EA9E1}"
EndProject
Project("{FAE04EC0-301F-11D3-BF4B-00C04F79EFBC}") = "Sanford.Multimedia.Timers", "Sanford.Multimedia.Timers\Sanford.Multimedia.Timers.csproj", "{14D9362A-7F0B-4E3C-B219-12FEA0A0B61F}"
EndProject
Project("{FAE04EC0-301F-11D3-BF4B-00C04F79EFBC}") = "Sanford.Threading", "Sanford.Threading\Sanford.Threading.csproj", "{FB3CD051-CEDE-44C5-A35F-FC0BE6C9BC1E}"
EndProject
Global
	GlobalSection(SolutionConfigurationPlatforms) = preSolution
		Debug|Any CPU = Debug|Any CPU
		Release|Any CPU = Release|Any CPU
	EndGlobalSection
	GlobalSection(ProjectConfigurationPlatforms) = postSolution
		{C63DC370-E456-4459-9B4D-961F29F6203C}.Debug|Any CPU.ActiveCfg = Debug|Any CPU
		{C63DC370-E456-4459-9B4D-961F29F6203C}.Debug|Any CPU.Build.0 = Debug|Any CPU
		{C63DC370-E456-4459-9B4D-961F29F6203C}.Release|Any CPU.ActiveCfg = Release|Any CPU
		{C63DC370-E456-4459-9B4D-961F29F6203C}.Release|Any CPU.Build.0 = Release|Any CPU
		{2CB17756-93FD-40D6-B675-4DDF3AD56A6B}.Debug|Any CPU.ActiveCfg = Debug|Any CPU
		{2CB17756-93FD-40D6-B675-4DDF3AD56A6B}.Debug|Any CPU.Build.0 = Debug|Any CPU
		{2CB17756-93FD-40D6-B675-4DDF3AD56A6B}.Release|Any CPU.ActiveCfg = Release|Any CPU
		{2CB17756-93FD-40D6-B675-4DDF3AD56A6B}.Release|Any CPU.Build.0 = Release|Any CPU
		{B51D2D36-C9FA-46CA-A0FE-0504A488C8A9}.Debug|Any CPU.ActiveCfg = Debug|Any CPU
		{B51D2D36-C9FA-46CA-A0FE-0504A488C8A9}.Debug|Any CPU.Build.0 = Debug|Any CPU
		{B51D2D36-C9FA-46CA-A0FE-0504A488C8A9}.Release|Any CPU.ActiveCfg = Release|Any CPU
		{B51D2D36-C9FA-46CA-A0FE-0504A488C8A9}.Release|Any CPU.Build.0 = Release|Any CPU
		{4269C72A-8D3A-4737-8F89-72EAA33EA9E1}.Debug|Any CPU.ActiveCfg = Debug|Any CPU
		{4269C72A-8D3A-4737-8F89-72EAA33EA9E1}.Debug|Any CPU.Build.0 = Debug|Any CPU
		{4269C72A-8D3A-4737-8F89-72EAA33EA9E1}.Release|Any CPU.ActiveCfg = Release|Any CPU
		{4269C72A-8D3A-4737-8F89-72EAA33EA9E1}.Release|Any CPU.Build.0 = Release|Any CPU
		{14D9362A-7F0B-4E3C-B219-12FEA0A0B61F}.Debug|Any CPU.ActiveCfg = Debug|Any CPU
		{14D9362A-7F0B-4E3C-B219-12FEA0A0B61F}.Debug|Any CPU.Build.0 = Debug|Any CPU
		{14D9362A-7F0B-4E3C-B219-12FEA0A0B61F}.Release|Any CPU.ActiveCfg = Release|Any CPU
		{14D9362A-7F0B-4E3C-B219-12FEA0A0B61F}.Release|Any CPU.Build.0 = Release|Any CPU
		{FB3CD051-CEDE-44C5-A35F-FC0BE6C9BC1E}.Debug|Any CPU.ActiveCfg = Debug|Any CPU
		{FB3CD051-CEDE-44C5-A35F-FC0BE6C9BC1E}.Debug|Any CPU.Build.0 = Debug|Any CPU
		{FB3CD051-CEDE-44C5-A35F-FC0BE6C9BC1E}.Release|Any CPU.ActiveCfg = Release|Any CPU
		{FB3CD051-CEDE-44C5-A35F-FC0BE6C9BC1E}.Release|Any CPU.Build.0 = Release|Any CPU
	EndGlobalSection
	GlobalSection(SolutionProperties) = preSolution
		HideSolutionNode = FALSE
	EndGlobalSection
	GlobalSection(ExtensibilityGlobals) = postSolution
		SolutionGuid = {5B03D0EC-8486-4911-AFF6-F63D8C4F41DB}
	EndGlobalSection
EndGlobal
